
Microsoft Visual Studio Solution File, Format Version 12.00
# Visual Studio Version 16
VisualStudioVersion = 16.0.29318.209
MinimumVisualStudioVersion = 10.0.40219.1
Project("{FAE04EC0-301F-11D3-BF4B-00C04F79EFBC}") = "XLIB_COMMON", "XLIB_COMMON\XLIB_COMMON\XLIB_COMMON.csproj", "{A0B99E24-F08F-454C-B322-9AF2EA87A295}"
EndProject
Project("{FAE04EC0-301F-11D3-BF4B-00C04F79EFBC}") = "MDLX_CORE", "MDLX_CORE\MDLX_CORE.csproj", "{7759B657-A830-4EE1-8412-97971B2441A2}"
EndProject
Project("{FAE04EC0-301F-11D3-BF4B-00C04F79EFBC}") = "_LABELINSP_APPWEB", "_MPPL_APPWEB\_LABELINSP_APPWEB.csproj", "{23296340-9AB1-46E4-8D1B-3EB83036ABDC}"
EndProject
Project("{FAE04EC0-301F-11D3-BF4B-00C04F79EFBC}") = "MDLX_MASTERDATA", "MDLX_MASTERDATA\MDLX_MASTERDATA.csproj", "{16AD63F8-0D1B-48CC-9681-3DADD497E72F}"
EndProject
Project("{FAE04EC0-301F-11D3-BF4B-00C04F79EFBC}") = "Z_LUNCHER", "Z_LUNCHER\Z_LUNCHER.csproj", "{9194044F-4464-4434-9ECA-909C6ABD7BFC}"
EndProject
Project("{FAE04EC0-301F-11D3-BF4B-00C04F79EFBC}") = "MDL_LABELINSP", "MDL_LABELINSP\MDL_LABELINSP.csproj", "{EDBBE06E-17CD-42BA-8981-94EA96819D44}"
EndProject
Project("{FAE04EC0-301F-11D3-BF4B-00C04F79EFBC}") = "_LABELINSP_TESTS", "_LABELINSP_TESTS\_LABELINSP_TESTS.csproj", "{0D731D65-1D59-4FD4-9A0A-5CA425CEEB47}"
EndProject
Project("{FAE04EC0-301F-11D3-BF4B-00C04F79EFBC}") = "_LABELINSP_FORMAPP", "_LABELINSP_FORMAPP\_LABELINSP_FORMAPP.csproj", "{78A012B2-273B-4113-96F1-4EB574063CE9}"
EndProject
Global
	GlobalSection(SolutionConfigurationPlatforms) = preSolution
		Debug|Any CPU = Debug|Any CPU
		Dev|Any CPU = Dev|Any CPU
		ElectroluxPLV|Any CPU = ElectroluxPLV|Any CPU
		Release|Any CPU = Release|Any CPU
	EndGlobalSection
	GlobalSection(ProjectConfigurationPlatforms) = postSolution
		{A0B99E24-F08F-454C-B322-9AF2EA87A295}.Debug|Any CPU.ActiveCfg = Debug|Any CPU
		{A0B99E24-F08F-454C-B322-9AF2EA87A295}.Debug|Any CPU.Build.0 = Debug|Any CPU
		{A0B99E24-F08F-454C-B322-9AF2EA87A295}.Dev|Any CPU.ActiveCfg = Debug|Any CPU
		{A0B99E24-F08F-454C-B322-9AF2EA87A295}.Dev|Any CPU.Build.0 = Debug|Any CPU
		{A0B99E24-F08F-454C-B322-9AF2EA87A295}.ElectroluxPLV|Any CPU.ActiveCfg = Debug|Any CPU
		{A0B99E24-F08F-454C-B322-9AF2EA87A295}.ElectroluxPLV|Any CPU.Build.0 = Debug|Any CPU
		{A0B99E24-F08F-454C-B322-9AF2EA87A295}.Release|Any CPU.ActiveCfg = Release|Any CPU
		{A0B99E24-F08F-454C-B322-9AF2EA87A295}.Release|Any CPU.Build.0 = Release|Any CPU
		{7759B657-A830-4EE1-8412-97971B2441A2}.Debug|Any CPU.ActiveCfg = Debug|Any CPU
		{7759B657-A830-4EE1-8412-97971B2441A2}.Debug|Any CPU.Build.0 = Debug|Any CPU
		{7759B657-A830-4EE1-8412-97971B2441A2}.Dev|Any CPU.ActiveCfg = Debug|Any CPU
		{7759B657-A830-4EE1-8412-97971B2441A2}.Dev|Any CPU.Build.0 = Debug|Any CPU
		{7759B657-A830-4EE1-8412-97971B2441A2}.ElectroluxPLV|Any CPU.ActiveCfg = Debug|Any CPU
		{7759B657-A830-4EE1-8412-97971B2441A2}.ElectroluxPLV|Any CPU.Build.0 = Debug|Any CPU
		{7759B657-A830-4EE1-8412-97971B2441A2}.Release|Any CPU.ActiveCfg = Release|Any CPU
		{7759B657-A830-4EE1-8412-97971B2441A2}.Release|Any CPU.Build.0 = Release|Any CPU
		{23296340-9AB1-46E4-8D1B-3EB83036ABDC}.Debug|Any CPU.ActiveCfg = Debug|Any CPU
		{23296340-9AB1-46E4-8D1B-3EB83036ABDC}.Debug|Any CPU.Build.0 = Debug|Any CPU
		{23296340-9AB1-46E4-8D1B-3EB83036ABDC}.Dev|Any CPU.ActiveCfg = Dev|Any CPU
		{23296340-9AB1-46E4-8D1B-3EB83036ABDC}.Dev|Any CPU.Build.0 = Dev|Any CPU
		{23296340-9AB1-46E4-8D1B-3EB83036ABDC}.ElectroluxPLV|Any CPU.ActiveCfg = ElectroluxPLV|Any CPU
		{23296340-9AB1-46E4-8D1B-3EB83036ABDC}.ElectroluxPLV|Any CPU.Build.0 = ElectroluxPLV|Any CPU
		{23296340-9AB1-46E4-8D1B-3EB83036ABDC}.Release|Any CPU.ActiveCfg = Release|Any CPU
		{23296340-9AB1-46E4-8D1B-3EB83036ABDC}.Release|Any CPU.Build.0 = Release|Any CPU
		{16AD63F8-0D1B-48CC-9681-3DADD497E72F}.Debug|Any CPU.ActiveCfg = Debug|Any CPU
		{16AD63F8-0D1B-48CC-9681-3DADD497E72F}.Debug|Any CPU.Build.0 = Debug|Any CPU
		{16AD63F8-0D1B-48CC-9681-3DADD497E72F}.Dev|Any CPU.ActiveCfg = Debug|Any CPU
		{16AD63F8-0D1B-48CC-9681-3DADD497E72F}.Dev|Any CPU.Build.0 = Debug|Any CPU
		{16AD63F8-0D1B-48CC-9681-3DADD497E72F}.ElectroluxPLV|Any CPU.ActiveCfg = Debug|Any CPU
		{16AD63F8-0D1B-48CC-9681-3DADD497E72F}.ElectroluxPLV|Any CPU.Build.0 = Debug|Any CPU
		{16AD63F8-0D1B-48CC-9681-3DADD497E72F}.Release|Any CPU.ActiveCfg = Release|Any CPU
		{16AD63F8-0D1B-48CC-9681-3DADD497E72F}.Release|Any CPU.Build.0 = Release|Any CPU
		{9194044F-4464-4434-9ECA-909C6ABD7BFC}.Debug|Any CPU.ActiveCfg = Debug|Any CPU
		{9194044F-4464-4434-9ECA-909C6ABD7BFC}.Debug|Any CPU.Build.0 = Debug|Any CPU
		{9194044F-4464-4434-9ECA-909C6ABD7BFC}.Dev|Any CPU.ActiveCfg = Debug|Any CPU
		{9194044F-4464-4434-9ECA-909C6ABD7BFC}.Dev|Any CPU.Build.0 = Debug|Any CPU
		{9194044F-4464-4434-9ECA-909C6ABD7BFC}.ElectroluxPLV|Any CPU.ActiveCfg = Release|Any CPU
		{9194044F-4464-4434-9ECA-909C6ABD7BFC}.ElectroluxPLV|Any CPU.Build.0 = Release|Any CPU
		{9194044F-4464-4434-9ECA-909C6ABD7BFC}.Release|Any CPU.ActiveCfg = Release|Any CPU
		{9194044F-4464-4434-9ECA-909C6ABD7BFC}.Release|Any CPU.Build.0 = Release|Any CPU
		{EDBBE06E-17CD-42BA-8981-94EA96819D44}.Debug|Any CPU.ActiveCfg = Debug|Any CPU
		{EDBBE06E-17CD-42BA-8981-94EA96819D44}.Debug|Any CPU.Build.0 = Debug|Any CPU
		{EDBBE06E-17CD-42BA-8981-94EA96819D44}.Dev|Any CPU.ActiveCfg = Debug|Any CPU
		{EDBBE06E-17CD-42BA-8981-94EA96819D44}.Dev|Any CPU.Build.0 = Debug|Any CPU
		{EDBBE06E-17CD-42BA-8981-94EA96819D44}.ElectroluxPLV|Any CPU.ActiveCfg = Release|Any CPU
		{EDBBE06E-17CD-42BA-8981-94EA96819D44}.ElectroluxPLV|Any CPU.Build.0 = Release|Any CPU
		{EDBBE06E-17CD-42BA-8981-94EA96819D44}.Release|Any CPU.ActiveCfg = Release|Any CPU
		{EDBBE06E-17CD-42BA-8981-94EA96819D44}.Release|Any CPU.Build.0 = Release|Any CPU
		{0D731D65-1D59-4FD4-9A0A-5CA425CEEB47}.Debug|Any CPU.ActiveCfg = Debug|Any CPU
		{0D731D65-1D59-4FD4-9A0A-5CA425CEEB47}.Debug|Any CPU.Build.0 = Debug|Any CPU
		{0D731D65-1D59-4FD4-9A0A-5CA425CEEB47}.Dev|Any CPU.ActiveCfg = Debug|Any CPU
		{0D731D65-1D59-4FD4-9A0A-5CA425CEEB47}.Dev|Any CPU.Build.0 = Debug|Any CPU
		{0D731D65-1D59-4FD4-9A0A-5CA425CEEB47}.ElectroluxPLV|Any CPU.ActiveCfg = Release|Any CPU
		{0D731D65-1D59-4FD4-9A0A-5CA425CEEB47}.ElectroluxPLV|Any CPU.Build.0 = Release|Any CPU
		{0D731D65-1D59-4FD4-9A0A-5CA425CEEB47}.Release|Any CPU.ActiveCfg = Release|Any CPU
		{0D731D65-1D59-4FD4-9A0A-5CA425CEEB47}.Release|Any CPU.Build.0 = Release|Any CPU
		{78A012B2-273B-4113-96F1-4EB574063CE9}.Debug|Any CPU.ActiveCfg = Debug|Any CPU
		{78A012B2-273B-4113-96F1-4EB574063CE9}.Debug|Any CPU.Build.0 = Debug|Any CPU
		{78A012B2-273B-4113-96F1-4EB574063CE9}.Dev|Any CPU.ActiveCfg = Debug|Any CPU
		{78A012B2-273B-4113-96F1-4EB574063CE9}.Dev|Any CPU.Build.0 = Debug|Any CPU
		{78A012B2-273B-4113-96F1-4EB574063CE9}.ElectroluxPLV|Any CPU.ActiveCfg = Release|Any CPU
		{78A012B2-273B-4113-96F1-4EB574063CE9}.ElectroluxPLV|Any CPU.Build.0 = Release|Any CPU
		{78A012B2-273B-4113-96F1-4EB574063CE9}.Release|Any CPU.ActiveCfg = Release|Any CPU
		{78A012B2-273B-4113-96F1-4EB574063CE9}.Release|Any CPU.Build.0 = Release|Any CPU
	EndGlobalSection
	GlobalSection(SolutionProperties) = preSolution
		HideSolutionNode = FALSE
	EndGlobalSection
	GlobalSection(ExtensibilityGlobals) = postSolution
		SolutionGuid = {3C60A14B-79EE-4787-AAB5-2D6118ECB90B}
	EndGlobalSection
EndGlobal
